
Microsoft Visual Studio Solution File, Format Version 12.00
# Visual Studio Version 17
VisualStudioVersion = 17.7.34221.43
MinimumVisualStudioVersion = 10.0.40219.1
Project("{9A19103F-16F7-4668-BE54-9A1E7A4F7556}") = "RedSocial", "RedSocial\RedSocial.csproj", "{BDA19659-81E7-4694-9177-A48AC3330E03}"
EndProject
Project("{2150E333-8FDC-42A3-9474-1A3956D46DE8}") = "Source", "Source", "{A9C11000-7BF5-4B67-9589-5E7A542DEA98}"
EndProject
Project("{2150E333-8FDC-42A3-9474-1A3956D46DE8}") = "Core", "Core", "{8C373411-1EF1-46E5-82A9-4B211165C4BE}"
EndProject
Project("{9A19103F-16F7-4668-BE54-9A1E7A4F7556}") = "RedSocial.Core.Application", "RedSocial.Core.Application\RedSocial.Core.Application.csproj", "{F1AA2209-311A-4E52-A9EB-9AC86CD1E737}"
EndProject
Project("{9A19103F-16F7-4668-BE54-9A1E7A4F7556}") = "RedSocial.Core.Domain", "RedSocial.Core.Domain\RedSocial.Core.Domain.csproj", "{7B726855-6B65-4A81-984C-7440A1A0FB8B}"
EndProject
Project("{2150E333-8FDC-42A3-9474-1A3956D46DE8}") = "Infraestructure", "Infraestructure", "{61D541E0-5584-4013-B3E3-0EC7A6ABD990}"
EndProject
Project("{9A19103F-16F7-4668-BE54-9A1E7A4F7556}") = "RedSocial.Infraestructure.Persistence", "RedSocial.Infraestructure.Persistence\RedSocial.Infraestructure.Persistence.csproj", "{10ED2F7B-2CA2-4E52-84DA-3D3C98F07E96}"
EndProject
Project("{9A19103F-16F7-4668-BE54-9A1E7A4F7556}") = "RedSocial.Infraestructure.Shared", "RedSocial.Infraestructure.Shared\RedSocial.Infraestructure.Shared.csproj", "{632CA246-BF62-489C-A89A-4DCE334E0913}"
EndProject
Project("{9A19103F-16F7-4668-BE54-9A1E7A4F7556}") = "RedSocial.Infraestructure.Identity", "RedSocial.Infraestructure.Identity\RedSocial.Infraestructure.Identity.csproj", "{B5B0A1F3-C600-4BA7-AEB5-B271B5B47059}"
EndProject
Project("{2150E333-8FDC-42A3-9474-1A3956D46DE8}") = "WebApp", "WebApp", "{9FB61DB4-8C10-4493-A1AE-473789D7C296}"
EndProject
Project("{2150E333-8FDC-42A3-9474-1A3956D46DE8}") = "Presentation", "Presentation", "{15D8B1EA-1AB7-4E54-86CF-C399BFB58F77}"
EndProject
Project("{9A19103F-16F7-4668-BE54-9A1E7A4F7556}") = "RedSocial.WebApi", "RedSocial.WebApi\RedSocial.WebApi.csproj", "{5C2929B2-E2FD-43AA-8524-551B42464484}"
EndProject
Project("{2150E333-8FDC-42A3-9474-1A3956D46DE8}") = "WebApi", "WebApi", "{D6A1B423-96CC-43CF-84F9-08AE959C0DFD}"
EndProject
Global
	GlobalSection(SolutionConfigurationPlatforms) = preSolution
		Debug|Any CPU = Debug|Any CPU
		Release|Any CPU = Release|Any CPU
	EndGlobalSection
	GlobalSection(ProjectConfigurationPlatforms) = postSolution
		{BDA19659-81E7-4694-9177-A48AC3330E03}.Debug|Any CPU.ActiveCfg = Debug|Any CPU
		{BDA19659-81E7-4694-9177-A48AC3330E03}.Debug|Any CPU.Build.0 = Debug|Any CPU
		{BDA19659-81E7-4694-9177-A48AC3330E03}.Release|Any CPU.ActiveCfg = Release|Any CPU
		{BDA19659-81E7-4694-9177-A48AC3330E03}.Release|Any CPU.Build.0 = Release|Any CPU
		{F1AA2209-311A-4E52-A9EB-9AC86CD1E737}.Debug|Any CPU.ActiveCfg = Debug|Any CPU
		{F1AA2209-311A-4E52-A9EB-9AC86CD1E737}.Debug|Any CPU.Build.0 = Debug|Any CPU
		{F1AA2209-311A-4E52-A9EB-9AC86CD1E737}.Release|Any CPU.ActiveCfg = Release|Any CPU
		{F1AA2209-311A-4E52-A9EB-9AC86CD1E737}.Release|Any CPU.Build.0 = Release|Any CPU
		{7B726855-6B65-4A81-984C-7440A1A0FB8B}.Debug|Any CPU.ActiveCfg = Debug|Any CPU
		{7B726855-6B65-4A81-984C-7440A1A0FB8B}.Debug|Any CPU.Build.0 = Debug|Any CPU
		{7B726855-6B65-4A81-984C-7440A1A0FB8B}.Release|Any CPU.ActiveCfg = Release|Any CPU
		{7B726855-6B65-4A81-984C-7440A1A0FB8B}.Release|Any CPU.Build.0 = Release|Any CPU
		{10ED2F7B-2CA2-4E52-84DA-3D3C98F07E96}.Debug|Any CPU.ActiveCfg = Debug|Any CPU
		{10ED2F7B-2CA2-4E52-84DA-3D3C98F07E96}.Debug|Any CPU.Build.0 = Debug|Any CPU
		{10ED2F7B-2CA2-4E52-84DA-3D3C98F07E96}.Release|Any CPU.ActiveCfg = Release|Any CPU
		{10ED2F7B-2CA2-4E52-84DA-3D3C98F07E96}.Release|Any CPU.Build.0 = Release|Any CPU
		{632CA246-BF62-489C-A89A-4DCE334E0913}.Debug|Any CPU.ActiveCfg = Debug|Any CPU
		{632CA246-BF62-489C-A89A-4DCE334E0913}.Debug|Any CPU.Build.0 = Debug|Any CPU
		{632CA246-BF62-489C-A89A-4DCE334E0913}.Release|Any CPU.ActiveCfg = Release|Any CPU
		{632CA246-BF62-489C-A89A-4DCE334E0913}.Release|Any CPU.Build.0 = Release|Any CPU
		{B5B0A1F3-C600-4BA7-AEB5-B271B5B47059}.Debug|Any CPU.ActiveCfg = Debug|Any CPU
		{B5B0A1F3-C600-4BA7-AEB5-B271B5B47059}.Debug|Any CPU.Build.0 = Debug|Any CPU
		{B5B0A1F3-C600-4BA7-AEB5-B271B5B47059}.Release|Any CPU.ActiveCfg = Release|Any CPU
		{B5B0A1F3-C600-4BA7-AEB5-B271B5B47059}.Release|Any CPU.Build.0 = Release|Any CPU
		{5C2929B2-E2FD-43AA-8524-551B42464484}.Debug|Any CPU.ActiveCfg = Debug|Any CPU
		{5C2929B2-E2FD-43AA-8524-551B42464484}.Debug|Any CPU.Build.0 = Debug|Any CPU
		{5C2929B2-E2FD-43AA-8524-551B42464484}.Release|Any CPU.ActiveCfg = Release|Any CPU
		{5C2929B2-E2FD-43AA-8524-551B42464484}.Release|Any CPU.Build.0 = Release|Any CPU
	EndGlobalSection
	GlobalSection(SolutionProperties) = preSolution
		HideSolutionNode = FALSE
	EndGlobalSection
	GlobalSection(NestedProjects) = preSolution
		{BDA19659-81E7-4694-9177-A48AC3330E03} = {9FB61DB4-8C10-4493-A1AE-473789D7C296}
		{8C373411-1EF1-46E5-82A9-4B211165C4BE} = {A9C11000-7BF5-4B67-9589-5E7A542DEA98}
		{F1AA2209-311A-4E52-A9EB-9AC86CD1E737} = {8C373411-1EF1-46E5-82A9-4B211165C4BE}
		{7B726855-6B65-4A81-984C-7440A1A0FB8B} = {8C373411-1EF1-46E5-82A9-4B211165C4BE}
		{61D541E0-5584-4013-B3E3-0EC7A6ABD990} = {A9C11000-7BF5-4B67-9589-5E7A542DEA98}
		{10ED2F7B-2CA2-4E52-84DA-3D3C98F07E96} = {61D541E0-5584-4013-B3E3-0EC7A6ABD990}
		{632CA246-BF62-489C-A89A-4DCE334E0913} = {61D541E0-5584-4013-B3E3-0EC7A6ABD990}
		{B5B0A1F3-C600-4BA7-AEB5-B271B5B47059} = {61D541E0-5584-4013-B3E3-0EC7A6ABD990}
		{9FB61DB4-8C10-4493-A1AE-473789D7C296} = {15D8B1EA-1AB7-4E54-86CF-C399BFB58F77}
		{15D8B1EA-1AB7-4E54-86CF-C399BFB58F77} = {A9C11000-7BF5-4B67-9589-5E7A542DEA98}
		{5C2929B2-E2FD-43AA-8524-551B42464484} = {D6A1B423-96CC-43CF-84F9-08AE959C0DFD}
		{D6A1B423-96CC-43CF-84F9-08AE959C0DFD} = {15D8B1EA-1AB7-4E54-86CF-C399BFB58F77}
	EndGlobalSection
	GlobalSection(ExtensibilityGlobals) = postSolution
		SolutionGuid = {C8B1D68D-C775-441C-942C-3B63154C33C9}
	EndGlobalSection
EndGlobal
